<?xml version="1.0" encoding="utf-8"?>
<Project ToolsVersion="4.0" xmlns="http://schemas.microsoft.com/developer/msbuild/2003">
  <ItemGroup>
    <ClCompile Include="..\..\src\utils\2Dgridsearch.cpp">
      <Filter>Source files</Filter>
    </ClCompile>
    <ClCompile Include="..\..\src\planners\ADStar\adplanner.cpp">
      <Filter>Source files</Filter>
    </ClCompile>
    <ClCompile Include="..\..\src\planners\ARAStar\araplanner.cpp">
      <Filter>Source files</Filter>
    </ClCompile>
    <ClCompile Include="..\..\src\discrete_space_information\nav2d\environment_nav2D.cpp">
      <Filter>Source files</Filter>
    </ClCompile>
    <ClCompile Include="..\..\src\discrete_space_information\navxythetalat\environment_navxythetalat.cpp">
      <Filter>Source files</Filter>
    </ClCompile>
    <ClCompile Include="..\..\src\discrete_space_information\robarm\environment_robarm.cpp">
      <Filter>Source files</Filter>
    </ClCompile>
    <ClCompile Include="..\..\src\discrete_space_information\template\environment_XXX.cpp">
      <Filter>Source files</Filter>
    </ClCompile>
    <ClCompile Include="..\..\src\utils\heap.cpp">
      <Filter>Source files</Filter>
    </ClCompile>
    <ClCompile Include="..\..\src\test\main.cpp">
      <Filter>Source files</Filter>
    </ClCompile>
    <ClCompile Include="..\..\src\utils\mdp.cpp">
      <Filter>Source files</Filter>
    </ClCompile>
    <ClCompile Include="..\..\src\utils\utils.cpp">
      <Filter>Source files</Filter>
    </ClCompile>
    <ClCompile Include="..\..\src\planners\VI\viplanner.cpp">
      <Filter>Source files</Filter>
    </ClCompile>
  </ItemGroup>
  <ItemGroup>
    <ClInclude Include="..\..\src\utils\2Dgridsearch.h">
      <Filter>Header files</Filter>
    </ClInclude>
    <ClInclude Include="..\..\src\utils\utils.h">
      <Filter>Header files</Filter>
    </ClInclude>
    <ClInclude Include="..\..\src\planners\ADStar\adplanner.h">
      <Filter>Header files</Filter>
    </ClInclude>
    <ClInclude Include="..\..\src\planners\ARAStar\araplanner.h">
      <Filter>Header files</Filter>
    </ClInclude>
    <ClInclude Include="..\..\src\sbpl\config.h">
      <Filter>Header files</Filter>
    </ClInclude>
    <ClInclude Include="..\..\src\discrete_space_information\environment.h">
      <Filter>Header files</Filter>
    </ClInclude>
    <ClInclude Include="..\..\src\discrete_space_information\nav2d\environment_nav2D.h">
      <Filter>Header files</Filter>
    </ClInclude>
    <ClInclude Include="..\..\src\discrete_space_information\nav3dkin\environment_nav3Dkin.h">
      <Filter>Header files</Filter>
    </ClInclude>
    <ClInclude Include="..\..\src\discrete_space_information\navxythetalat\environment_navxythetalat.h">
      <Filter>Header files</Filter>
    </ClInclude>
    <ClInclude Include="..\..\src\discrete_space_information\robarm\environment_robarm.h">
      <Filter>Header files</Filter>
    </ClInclude>
    <ClInclude Include="..\..\src\sbpl\headers.h">
      <Filter>Header files</Filter>
    </ClInclude>
    <ClInclude Include="..\..\src\utils\heap.h">
      <Filter>Header files</Filter>
    </ClInclude>
    <ClInclude Include="..\..\src\utils\key.h">
      <Filter>Header files</Filter>
    </ClInclude>
    <ClInclude Include="..\..\src\utils\list.h">
      <Filter>Header files</Filter>
    </ClInclude>
    <ClInclude Include="..\..\src\utils\mdp.h">
      <Filter>Header files</Filter>
    </ClInclude>
    <ClInclude Include="..\..\src\utils\mdpconfig.h">
      <Filter>Header files</Filter>
    </ClInclude>
    <ClInclude Include="..\..\src\planners\planner.h">
      <Filter>Header files</Filter>
    </ClInclude>
    <ClInclude Include="..\..\src\utils\sbpl_bfs_2d.h">
      <Filter>Header files</Filter>
    </ClInclude>
    <ClInclude Include="..\..\src\utils\sbpl_bfs_3d.h">
      <Filter>Header files</Filter>
    </ClInclude>
    <ClInclude Include="..\..\src\utils\sbpl_fifo.h">
      <Filter>Header files</Filter>
    </ClInclude>
    <ClInclude Include="..\..\src\planners\VI\viplanner.h">
      <Filter>Header files</Filter>
    </ClInclude>
  </ItemGroup>
  <ItemGroup>
    <Filter Include="Header files">
      <UniqueIdentifier>{c7ba96ca-abde-46bc-97d4-2f64c5ffd5da}</UniqueIdentifier>
    </Filter>
    <Filter Include="Source files">
      <UniqueIdentifier>{dcfc1d3c-8675-4f8a-b793-2829b4163d33}</UniqueIdentifier>
    </Filter>
  </ItemGroup>
</Project>